
Microsoft Visual Studio Solution File, Format Version 12.00
# Visual Studio Version 17
VisualStudioVersion = 17.7.34221.43
MinimumVisualStudioVersion = 10.0.40219.1
Project("{2150E333-8FDC-42A3-9474-1A3956D46DE8}") = "src", "src", "{D63AD02F-4B9A-40F0-ADB3-B48CA29C1D6C}"
EndProject
Project("{2150E333-8FDC-42A3-9474-1A3956D46DE8}") = "tests", "tests", "{96557188-E6F9-435D-A8FE-3CFD666A7BA7}"
EndProject
Project("{2150E333-8FDC-42A3-9474-1A3956D46DE8}") = "Backend", "Backend", "{5752FF7A-4DEB-4110-B6A0-7F8011ECA40A}"
EndProject
Project("{2150E333-8FDC-42A3-9474-1A3956D46DE8}") = "Shared", "Shared", "{D76DE78D-90E3-4B3A-9944-54E679E001A1}"
EndProject
Project("{2150E333-8FDC-42A3-9474-1A3956D46DE8}") = "Mobile", "Mobile", "{35148964-19DC-44C8-93D6-8911BABF0BED}"
EndProject
Project("{9A19103F-16F7-4668-BE54-9A1E7A4F7556}") = "MyRecipeBook.API", "src\Backend\MyRecipeBook.API\MyRecipeBook.API.csproj", "{21F2D7FF-2288-4854-B89F-D0CEC3429824}"
EndProject
Project("{9A19103F-16F7-4668-BE54-9A1E7A4F7556}") = "MyRecipeBook.Application", "src\Backend\MyRecipeBook.Application\MyRecipeBook.Application.csproj", "{DF5B1A0E-E49A-448D-8531-3A3F22BF584F}"
EndProject
Project("{9A19103F-16F7-4668-BE54-9A1E7A4F7556}") = "MyRecipeBook.Domain", "src\Backend\MyRecipeBook.Domain\MyRecipeBook.Domain.csproj", "{AE4100B6-E611-4C8C-A783-365E004BB709}"
EndProject
Project("{9A19103F-16F7-4668-BE54-9A1E7A4F7556}") = "MyRecipeBook.Infrastructure", "src\Backend\MyRecipeBook.Infrastructure\MyRecipeBook.Infrastructure.csproj", "{3AA3A534-EE08-480F-8B73-E559864F0D4D}"
EndProject
Project("{9A19103F-16F7-4668-BE54-9A1E7A4F7556}") = "MyRecipeBook.Communication", "src\Shared\MyRecipeBook.Communication\MyRecipeBook.Communication.csproj", "{679BC4C4-D8C6-4AF6-9115-3A8CACE8CC43}"
EndProject
Project("{9A19103F-16F7-4668-BE54-9A1E7A4F7556}") = "MyRecipeBook.Exceptions", "src\Shared\MyRecipeBook.Exceptions\MyRecipeBook.Exceptions.csproj", "{44932CB3-8AE5-4295-BEF2-ED6EEBB97261}"
EndProject
Project("{9A19103F-16F7-4668-BE54-9A1E7A4F7556}") = "Validators.Test", "tests\Validators.Test\Validators.Test.csproj", "{653D9DF6-CA7A-453E-8DEA-648742C1D90A}"
EndProject
Project("{9A19103F-16F7-4668-BE54-9A1E7A4F7556}") = "CommonTestUtilities", "tests\CommonTestUtilities\CommonTestUtilities.csproj", "{74017C56-3344-4487-9C53-28368F2E8ABB}"
EndProject
Project("{9A19103F-16F7-4668-BE54-9A1E7A4F7556}") = "UseCases.Test", "tests\UseCases.Test\UseCases.Test.csproj", "{0095426A-29D4-4A36-A948-674548C048BC}"
EndProject
Project("{FAE04EC0-301F-11D3-BF4B-00C04F79EFBC}") = "WebApi.Test", "tests\WebApi.Test\WebApi.Test.csproj", "{A728F650-0AD5-4563-9558-479DE08C8486}"
EndProject
Global
	GlobalSection(SolutionConfigurationPlatforms) = preSolution
		Debug|Any CPU = Debug|Any CPU
		Release|Any CPU = Release|Any CPU
	EndGlobalSection
	GlobalSection(ProjectConfigurationPlatforms) = postSolution
		{21F2D7FF-2288-4854-B89F-D0CEC3429824}.Debug|Any CPU.ActiveCfg = Debug|Any CPU
		{21F2D7FF-2288-4854-B89F-D0CEC3429824}.Debug|Any CPU.Build.0 = Debug|Any CPU
		{21F2D7FF-2288-4854-B89F-D0CEC3429824}.Release|Any CPU.ActiveCfg = Release|Any CPU
		{21F2D7FF-2288-4854-B89F-D0CEC3429824}.Release|Any CPU.Build.0 = Release|Any CPU
		{DF5B1A0E-E49A-448D-8531-3A3F22BF584F}.Debug|Any CPU.ActiveCfg = Debug|Any CPU
		{DF5B1A0E-E49A-448D-8531-3A3F22BF584F}.Debug|Any CPU.Build.0 = Debug|Any CPU
		{DF5B1A0E-E49A-448D-8531-3A3F22BF584F}.Release|Any CPU.ActiveCfg = Release|Any CPU
		{DF5B1A0E-E49A-448D-8531-3A3F22BF584F}.Release|Any CPU.Build.0 = Release|Any CPU
		{AE4100B6-E611-4C8C-A783-365E004BB709}.Debug|Any CPU.ActiveCfg = Debug|Any CPU
		{AE4100B6-E611-4C8C-A783-365E004BB709}.Debug|Any CPU.Build.0 = Debug|Any CPU
		{AE4100B6-E611-4C8C-A783-365E004BB709}.Release|Any CPU.ActiveCfg = Release|Any CPU
		{AE4100B6-E611-4C8C-A783-365E004BB709}.Release|Any CPU.Build.0 = Release|Any CPU
		{3AA3A534-EE08-480F-8B73-E559864F0D4D}.Debug|Any CPU.ActiveCfg = Debug|Any CPU
		{3AA3A534-EE08-480F-8B73-E559864F0D4D}.Debug|Any CPU.Build.0 = Debug|Any CPU
		{3AA3A534-EE08-480F-8B73-E559864F0D4D}.Release|Any CPU.ActiveCfg = Release|Any CPU
		{3AA3A534-EE08-480F-8B73-E559864F0D4D}.Release|Any CPU.Build.0 = Release|Any CPU
		{679BC4C4-D8C6-4AF6-9115-3A8CACE8CC43}.Debug|Any CPU.ActiveCfg = Debug|Any CPU
		{679BC4C4-D8C6-4AF6-9115-3A8CACE8CC43}.Debug|Any CPU.Build.0 = Debug|Any CPU
		{679BC4C4-D8C6-4AF6-9115-3A8CACE8CC43}.Release|Any CPU.ActiveCfg = Release|Any CPU
		{679BC4C4-D8C6-4AF6-9115-3A8CACE8CC43}.Release|Any CPU.Build.0 = Release|Any CPU
		{44932CB3-8AE5-4295-BEF2-ED6EEBB97261}.Debug|Any CPU.ActiveCfg = Debug|Any CPU
		{44932CB3-8AE5-4295-BEF2-ED6EEBB97261}.Debug|Any CPU.Build.0 = Debug|Any CPU
		{44932CB3-8AE5-4295-BEF2-ED6EEBB97261}.Release|Any CPU.ActiveCfg = Release|Any CPU
		{44932CB3-8AE5-4295-BEF2-ED6EEBB97261}.Release|Any CPU.Build.0 = Release|Any CPU
		{653D9DF6-CA7A-453E-8DEA-648742C1D90A}.Debug|Any CPU.ActiveCfg = Debug|Any CPU
		{653D9DF6-CA7A-453E-8DEA-648742C1D90A}.Debug|Any CPU.Build.0 = Debug|Any CPU
		{653D9DF6-CA7A-453E-8DEA-648742C1D90A}.Release|Any CPU.ActiveCfg = Release|Any CPU
		{653D9DF6-CA7A-453E-8DEA-648742C1D90A}.Release|Any CPU.Build.0 = Release|Any CPU
		{74017C56-3344-4487-9C53-28368F2E8ABB}.Debug|Any CPU.ActiveCfg = Debug|Any CPU
		{74017C56-3344-4487-9C53-28368F2E8ABB}.Debug|Any CPU.Build.0 = Debug|Any CPU
		{74017C56-3344-4487-9C53-28368F2E8ABB}.Release|Any CPU.ActiveCfg = Release|Any CPU
		{74017C56-3344-4487-9C53-28368F2E8ABB}.Release|Any CPU.Build.0 = Release|Any CPU
		{0095426A-29D4-4A36-A948-674548C048BC}.Debug|Any CPU.ActiveCfg = Debug|Any CPU
		{0095426A-29D4-4A36-A948-674548C048BC}.Debug|Any CPU.Build.0 = Debug|Any CPU
		{0095426A-29D4-4A36-A948-674548C048BC}.Release|Any CPU.ActiveCfg = Release|Any CPU
		{0095426A-29D4-4A36-A948-674548C048BC}.Release|Any CPU.Build.0 = Release|Any CPU
		{A728F650-0AD5-4563-9558-479DE08C8486}.Debug|Any CPU.ActiveCfg = Debug|Any CPU
		{A728F650-0AD5-4563-9558-479DE08C8486}.Debug|Any CPU.Build.0 = Debug|Any CPU
		{A728F650-0AD5-4563-9558-479DE08C8486}.Release|Any CPU.ActiveCfg = Release|Any CPU
		{A728F650-0AD5-4563-9558-479DE08C8486}.Release|Any CPU.Build.0 = Release|Any CPU
	EndGlobalSection
	GlobalSection(SolutionProperties) = preSolution
		HideSolutionNode = FALSE
	EndGlobalSection
	GlobalSection(NestedProjects) = preSolution
		{5752FF7A-4DEB-4110-B6A0-7F8011ECA40A} = {D63AD02F-4B9A-40F0-ADB3-B48CA29C1D6C}
		{D76DE78D-90E3-4B3A-9944-54E679E001A1} = {D63AD02F-4B9A-40F0-ADB3-B48CA29C1D6C}
		{35148964-19DC-44C8-93D6-8911BABF0BED} = {D63AD02F-4B9A-40F0-ADB3-B48CA29C1D6C}
		{21F2D7FF-2288-4854-B89F-D0CEC3429824} = {5752FF7A-4DEB-4110-B6A0-7F8011ECA40A}
		{DF5B1A0E-E49A-448D-8531-3A3F22BF584F} = {5752FF7A-4DEB-4110-B6A0-7F8011ECA40A}
		{AE4100B6-E611-4C8C-A783-365E004BB709} = {5752FF7A-4DEB-4110-B6A0-7F8011ECA40A}
		{3AA3A534-EE08-480F-8B73-E559864F0D4D} = {5752FF7A-4DEB-4110-B6A0-7F8011ECA40A}
		{679BC4C4-D8C6-4AF6-9115-3A8CACE8CC43} = {D76DE78D-90E3-4B3A-9944-54E679E001A1}
		{44932CB3-8AE5-4295-BEF2-ED6EEBB97261} = {D76DE78D-90E3-4B3A-9944-54E679E001A1}
		{653D9DF6-CA7A-453E-8DEA-648742C1D90A} = {96557188-E6F9-435D-A8FE-3CFD666A7BA7}
		{74017C56-3344-4487-9C53-28368F2E8ABB} = {96557188-E6F9-435D-A8FE-3CFD666A7BA7}
		{0095426A-29D4-4A36-A948-674548C048BC} = {96557188-E6F9-435D-A8FE-3CFD666A7BA7}
		{A728F650-0AD5-4563-9558-479DE08C8486} = {96557188-E6F9-435D-A8FE-3CFD666A7BA7}
	EndGlobalSection
	GlobalSection(ExtensibilityGlobals) = postSolution
		SolutionGuid = {85FDC27B-0371-4514-8EE7-86741353AD34}
	EndGlobalSection
EndGlobal
